// !$*UTF8*$!
{
	archiveVersion = 1;
	classes = {
	};
	objectVersion = 56;
	objects = {

/* Begin PBXBuildFile section */
		1FFA88B128EFB20800787EE8 /* AppDelegate.swift in Sources */ = {isa = PBXBuildFile; fileRef = 1FFA88B028EFB20800787EE8 /* AppDelegate.swift */; };
		1FFA88B328EFB20800787EE8 /* ViewController.swift in Sources */ = {isa = PBXBuildFile; fileRef = 1FFA88B228EFB20800787EE8 /* ViewController.swift */; };
		1FFA88B528EFB20900787EE8 /* Assets.xcassets in Resources */ = {isa = PBXBuildFile; fileRef = 1FFA88B428EFB20900787EE8 /* Assets.xcassets */; };
		1FFA88B828EFB20900787EE8 /* Main.storyboard in Resources */ = {isa = PBXBuildFile; fileRef = 1FFA88B628EFB20900787EE8 /* Main.storyboard */; };
		1FFA88C328EFB20900787EE8 /* macOSsampleProjectTests.swift in Sources */ = {isa = PBXBuildFile; fileRef = 1FFA88C228EFB20900787EE8 /* macOSsampleProjectTests.swift */; };
		1FFA88CD28EFB20900787EE8 /* macOSsampleProjectUITests.swift in Sources */ = {isa = PBXBuildFile; fileRef = 1FFA88CC28EFB20900787EE8 /* macOSsampleProjectUITests.swift */; };
		1FFA88CF28EFB20900787EE8 /* macOSsampleProjectUITestsLaunchTests.swift in Sources */ = {isa = PBXBuildFile; fileRef = 1FFA88CE28EFB20900787EE8 /* macOSsampleProjectUITestsLaunchTests.swift */; };
/* End PBXBuildFile section */

/* Begin PBXContainerItemProxy section */
		1FFA88BF28EFB20900787EE8 /* PBXContainerItemProxy */ = {
			isa = PBXContainerItemProxy;
			containerPortal = 1FFA88A528EFB20800787EE8 /* Project object */;
			proxyType = 1;
			remoteGlobalIDString = 1FFA88AC28EFB20800787EE8;
			remoteInfo = macOSsampleProject;
		};
		1FFA88C928EFB20900787EE8 /* PBXContainerItemProxy */ = {
			isa = PBXContainerItemProxy;
			containerPortal = 1FFA88A528EFB20800787EE8 /* Project object */;
			proxyType = 1;
			remoteGlobalIDString = 1FFA88AC28EFB20800787EE8;
			remoteInfo = macOSsampleProject;
		};
/* End PBXContainerItemProxy section */

/* Begin PBXFileReference section */
		1FFA88AD28EFB20800787EE8 /* macOSsampleProject.app */ = {isa = PBXFileReference; explicitFileType = wrapper.application; includeInIndex = 0; path = macOSsampleProject.app; sourceTree = BUILT_PRODUCTS_DIR; };
		1FFA88B028EFB20800787EE8 /* AppDelegate.swift */ = {isa = PBXFileReference; lastKnownFileType = sourcecode.swift; path = AppDelegate.swift; sourceTree = "<group>"; };
		1FFA88B228EFB20800787EE8 /* ViewController.swift */ = {isa = PBXFileReference; lastKnownFileType = sourcecode.swift; path = ViewController.swift; sourceTree = "<group>"; };
		1FFA88B428EFB20900787EE8 /* Assets.xcassets */ = {isa = PBXFileReference; lastKnownFileType = folder.assetcatalog; path = Assets.xcassets; sourceTree = "<group>"; };
		1FFA88B728EFB20900787EE8 /* Base */ = {isa = PBXFileReference; lastKnownFileType = file.storyboard; name = Base; path = Base.lproj/Main.storyboard; sourceTree = "<group>"; };
		1FFA88B928EFB20900787EE8 /* macOSsampleProject.entitlements */ = {isa = PBXFileReference; lastKnownFileType = text.plist.entitlements; path = macOSsampleProject.entitlements; sourceTree = "<group>"; };
		1FFA88BE28EFB20900787EE8 /* macOSsampleProjectTests.xctest */ = {isa = PBXFileReference; explicitFileType = wrapper.cfbundle; includeInIndex = 0; path = macOSsampleProjectTests.xctest; sourceTree = BUILT_PRODUCTS_DIR; };
		1FFA88C228EFB20900787EE8 /* macOSsampleProjectTests.swift */ = {isa = PBXFileReference; lastKnownFileType = sourcecode.swift; path = macOSsampleProjectTests.swift; sourceTree = "<group>"; };
		1FFA88C828EFB20900787EE8 /* macOSsampleProjectUITests.xctest */ = {isa = PBXFileReference; explicitFileType = wrapper.cfbundle; includeInIndex = 0; path = macOSsampleProjectUITests.xctest; sourceTree = BUILT_PRODUCTS_DIR; };
		1FFA88CC28EFB20900787EE8 /* macOSsampleProjectUITests.swift */ = {isa = PBXFileReference; lastKnownFileType = sourcecode.swift; path = macOSsampleProjectUITests.swift; sourceTree = "<group>"; };
		1FFA88CE28EFB20900787EE8 /* macOSsampleProjectUITestsLaunchTests.swift */ = {isa = PBXFileReference; lastKnownFileType = sourcecode.swift; path = macOSsampleProjectUITestsLaunchTests.swift; sourceTree = "<group>"; };
/* End PBXFileReference section */

/* Begin PBXFrameworksBuildPhase section */
		1FFA88AA28EFB20800787EE8 /* Frameworks */ = {
			isa = PBXFrameworksBuildPhase;
			buildActionMask = 2147483647;
			files = (
			);
			runOnlyForDeploymentPostprocessing = 0;
		};
		1FFA88BB28EFB20900787EE8 /* Frameworks */ = {
			isa = PBXFrameworksBuildPhase;
			buildActionMask = 2147483647;
			files = (
			);
			runOnlyForDeploymentPostprocessing = 0;
		};
		1FFA88C528EFB20900787EE8 /* Frameworks */ = {
			isa = PBXFrameworksBuildPhase;
			buildActionMask = 2147483647;
			files = (
			);
			runOnlyForDeploymentPostprocessing = 0;
		};
/* End PBXFrameworksBuildPhase section */

/* Begin PBXGroup section */
		1FFA88A428EFB20800787EE8 = {
			isa = PBXGroup;
			children = (
				1FFA88AF28EFB20800787EE8 /* macOSsampleProject */,
				1FFA88C128EFB20900787EE8 /* macOSsampleProjectTests */,
				1FFA88CB28EFB20900787EE8 /* macOSsampleProjectUITests */,
				1FFA88AE28EFB20800787EE8 /* Products */,
			);
			sourceTree = "<group>";
		};
		1FFA88AE28EFB20800787EE8 /* Products */ = {
			isa = PBXGroup;
			children = (
				1FFA88AD28EFB20800787EE8 /* macOSsampleProject.app */,
				1FFA88BE28EFB20900787EE8 /* macOSsampleProjectTests.xctest */,
				1FFA88C828EFB20900787EE8 /* macOSsampleProjectUITests.xctest */,
			);
			name = Products;
			sourceTree = "<group>";
		};
		1FFA88AF28EFB20800787EE8 /* macOSsampleProject */ = {
			isa = PBXGroup;
			children = (
				1FFA88B028EFB20800787EE8 /* AppDelegate.swift */,
				1FFA88B228EFB20800787EE8 /* ViewController.swift */,
				1FFA88B428EFB20900787EE8 /* Assets.xcassets */,
				1FFA88B628EFB20900787EE8 /* Main.storyboard */,
				1FFA88B928EFB20900787EE8 /* macOSsampleProject.entitlements */,
			);
			path = macOSsampleProject;
			sourceTree = "<group>";
		};
		1FFA88C128EFB20900787EE8 /* macOSsampleProjectTests */ = {
			isa = PBXGroup;
			children = (
				1FFA88C228EFB20900787EE8 /* macOSsampleProjectTests.swift */,
			);
			path = macOSsampleProjectTests;
			sourceTree = "<group>";
		};
		1FFA88CB28EFB20900787EE8 /* macOSsampleProjectUITests */ = {
			isa = PBXGroup;
			children = (
				1FFA88CC28EFB20900787EE8 /* macOSsampleProjectUITests.swift */,
				1FFA88CE28EFB20900787EE8 /* macOSsampleProjectUITestsLaunchTests.swift */,
			);
			path = macOSsampleProjectUITests;
			sourceTree = "<group>";
		};
/* End PBXGroup section */

/* Begin PBXNativeTarget section */
		1FFA88AC28EFB20800787EE8 /* macOSsampleProject */ = {
			isa = PBXNativeTarget;
			buildConfigurationList = 1FFA88D228EFB20900787EE8 /* Build configuration list for PBXNativeTarget "macOSsampleProject" */;
			buildPhases = (
				1FFA88A928EFB20800787EE8 /* Sources */,
				1FFA88AA28EFB20800787EE8 /* Frameworks */,
				1FFA88AB28EFB20800787EE8 /* Resources */,
			);
			buildRules = (
			);
			dependencies = (
			);
			name = macOSsampleProject;
			productName = macOSsampleProject;
			productReference = 1FFA88AD28EFB20800787EE8 /* macOSsampleProject.app */;
			productType = "com.apple.product-type.application";
		};
		1FFA88BD28EFB20900787EE8 /* macOSsampleProjectTests */ = {
			isa = PBXNativeTarget;
			buildConfigurationList = 1FFA88D528EFB20900787EE8 /* Build configuration list for PBXNativeTarget "macOSsampleProjectTests" */;
			buildPhases = (
				1FFA88BA28EFB20900787EE8 /* Sources */,
				1FFA88BB28EFB20900787EE8 /* Frameworks */,
				1FFA88BC28EFB20900787EE8 /* Resources */,
			);
			buildRules = (
			);
			dependencies = (
				1FFA88C028EFB20900787EE8 /* PBXTargetDependency */,
			);
			name = macOSsampleProjectTests;
			productName = macOSsampleProjectTests;
			productReference = 1FFA88BE28EFB20900787EE8 /* macOSsampleProjectTests.xctest */;
			productType = "com.apple.product-type.bundle.unit-test";
		};
		1FFA88C728EFB20900787EE8 /* macOSsampleProjectUITests */ = {
			isa = PBXNativeTarget;
			buildConfigurationList = 1FFA88D828EFB20900787EE8 /* Build configuration list for PBXNativeTarget "macOSsampleProjectUITests" */;
			buildPhases = (
				1FFA88C428EFB20900787EE8 /* Sources */,
				1FFA88C528EFB20900787EE8 /* Frameworks */,
				1FFA88C628EFB20900787EE8 /* Resources */,
			);
			buildRules = (
			);
			dependencies = (
				1FFA88CA28EFB20900787EE8 /* PBXTargetDependency */,
			);
			name = macOSsampleProjectUITests;
			productName = macOSsampleProjectUITests;
			productReference = 1FFA88C828EFB20900787EE8 /* macOSsampleProjectUITests.xctest */;
			productType = "com.apple.product-type.bundle.ui-testing";
		};
/* End PBXNativeTarget section */

/* Begin PBXProject section */
		1FFA88A528EFB20800787EE8 /* Project object */ = {
			isa = PBXProject;
			attributes = {
				BuildIndependentTargetsInParallel = 1;
				LastSwiftUpdateCheck = 1410;
				LastUpgradeCheck = 1410;
				TargetAttributes = {
					1FFA88AC28EFB20800787EE8 = {
						CreatedOnToolsVersion = 14.1;
					};
					1FFA88BD28EFB20900787EE8 = {
						CreatedOnToolsVersion = 14.1;
						TestTargetID = 1FFA88AC28EFB20800787EE8;
					};
					1FFA88C728EFB20900787EE8 = {
						CreatedOnToolsVersion = 14.1;
						TestTargetID = 1FFA88AC28EFB20800787EE8;
					};
				};
			};
			buildConfigurationList = 1FFA88A828EFB20800787EE8 /* Build configuration list for PBXProject "macOSsampleProject" */;
			compatibilityVersion = "Xcode 14.0";
			developmentRegion = en;
			hasScannedForEncodings = 0;
			knownRegions = (
				en,
				Base,
			);
			mainGroup = 1FFA88A428EFB20800787EE8;
			productRefGroup = 1FFA88AE28EFB20800787EE8 /* Products */;
			projectDirPath = "";
			projectRoot = "";
			targets = (
				1FFA88AC28EFB20800787EE8 /* macOSsampleProject */,
				1FFA88BD28EFB20900787EE8 /* macOSsampleProjectTests */,
				1FFA88C728EFB20900787EE8 /* macOSsampleProjectUITests */,
			);
		};
/* End PBXProject section */

/* Begin PBXResourcesBuildPhase section */
		1FFA88AB28EFB20800787EE8 /* Resources */ = {
			isa = PBXResourcesBuildPhase;
			buildActionMask = 2147483647;
			files = (
				1FFA88B528EFB20900787EE8 /* Assets.xcassets in Resources */,
				1FFA88B828EFB20900787EE8 /* Main.storyboard in Resources */,
			);
			runOnlyForDeploymentPostprocessing = 0;
		};
		1FFA88BC28EFB20900787EE8 /* Resources */ = {
			isa = PBXResourcesBuildPhase;
			buildActionMask = 2147483647;
			files = (
			);
			runOnlyForDeploymentPostprocessing = 0;
		};
		1FFA88C628EFB20900787EE8 /* Resources */ = {
			isa = PBXResourcesBuildPhase;
			buildActionMask = 2147483647;
			files = (
			);
			runOnlyForDeploymentPostprocessing = 0;
		};
/* End PBXResourcesBuildPhase section */

/* Begin PBXSourcesBuildPhase section */
		1FFA88A928EFB20800787EE8 /* Sources */ = {
			isa = PBXSourcesBuildPhase;
			buildActionMask = 2147483647;
			files = (
				1FFA88B328EFB20800787EE8 /* ViewController.swift in Sources */,
				1FFA88B128EFB20800787EE8 /* AppDelegate.swift in Sources */,
			);
			runOnlyForDeploymentPostprocessing = 0;
		};
		1FFA88BA28EFB20900787EE8 /* Sources */ = {
			isa = PBXSourcesBuildPhase;
			buildActionMask = 2147483647;
			files = (
				1FFA88C328EFB20900787EE8 /* macOSsampleProjectTests.swift in Sources */,
			);
			runOnlyForDeploymentPostprocessing = 0;
		};
		1FFA88C428EFB20900787EE8 /* Sources */ = {
			isa = PBXSourcesBuildPhase;
			buildActionMask = 2147483647;
			files = (
				1FFA88CF28EFB20900787EE8 /* macOSsampleProjectUITestsLaunchTests.swift in Sources */,
				1FFA88CD28EFB20900787EE8 /* macOSsampleProjectUITests.swift in Sources */,
			);
			runOnlyForDeploymentPostprocessing = 0;
		};
/* End PBXSourcesBuildPhase section */

/* Begin PBXTargetDependency section */
		1FFA88C028EFB20900787EE8 /* PBXTargetDependency */ = {
			isa = PBXTargetDependency;
			target = 1FFA88AC28EFB20800787EE8 /* macOSsampleProject */;
			targetProxy = 1FFA88BF28EFB20900787EE8 /* PBXContainerItemProxy */;
		};
		1FFA88CA28EFB20900787EE8 /* PBXTargetDependency */ = {
			isa = PBXTargetDependency;
			target = 1FFA88AC28EFB20800787EE8 /* macOSsampleProject */;
			targetProxy = 1FFA88C928EFB20900787EE8 /* PBXContainerItemProxy */;
		};
/* End PBXTargetDependency section */

/* Begin PBXVariantGroup section */
		1FFA88B628EFB20900787EE8 /* Main.storyboard */ = {
			isa = PBXVariantGroup;
			children = (
				1FFA88B728EFB20900787EE8 /* Base */,
			);
			name = Main.storyboard;
			sourceTree = "<group>";
		};
/* End PBXVariantGroup section */

/* Begin XCBuildConfiguration section */
		1FFA88D028EFB20900787EE8 /* Debug */ = {
			isa = XCBuildConfiguration;
			buildSettings = {
				ALWAYS_SEARCH_USER_PATHS = NO;
				CLANG_ANALYZER_NONNULL = YES;
				CLANG_ANALYZER_NUMBER_OBJECT_CONVERSION = YES_AGGRESSIVE;
				CLANG_CXX_LANGUAGE_STANDARD = "gnu++20";
				CLANG_ENABLE_MODULES = YES;
				CLANG_ENABLE_OBJC_ARC = YES;
				CLANG_ENABLE_OBJC_WEAK = YES;
				CLANG_WARN_BLOCK_CAPTURE_AUTORELEASING = YES;
				CLANG_WARN_BOOL_CONVERSION = YES;
				CLANG_WARN_COMMA = YES;
				CLANG_WARN_CONSTANT_CONVERSION = YES;
				CLANG_WARN_DEPRECATED_OBJC_IMPLEMENTATIONS = YES;
				CLANG_WARN_DIRECT_OBJC_ISA_USAGE = YES_ERROR;
				CLANG_WARN_DOCUMENTATION_COMMENTS = YES;
				CLANG_WARN_EMPTY_BODY = YES;
				CLANG_WARN_ENUM_CONVERSION = YES;
				CLANG_WARN_INFINITE_RECURSION = YES;
				CLANG_WARN_INT_CONVERSION = YES;
				CLANG_WARN_NON_LITERAL_NULL_CONVERSION = YES;
				CLANG_WARN_OBJC_IMPLICIT_RETAIN_SELF = YES;
				CLANG_WARN_OBJC_LITERAL_CONVERSION = YES;
				CLANG_WARN_OBJC_ROOT_CLASS = YES_ERROR;
				CLANG_WARN_QUOTED_INCLUDE_IN_FRAMEWORK_HEADER = YES;
				CLANG_WARN_RANGE_LOOP_ANALYSIS = YES;
				CLANG_WARN_STRICT_PROTOTYPES = YES;
				CLANG_WARN_SUSPICIOUS_MOVE = YES;
				CLANG_WARN_UNGUARDED_AVAILABILITY = YES_AGGRESSIVE;
				CLANG_WARN_UNREACHABLE_CODE = YES;
				CLANG_WARN__DUPLICATE_METHOD_MATCH = YES;
				COPY_PHASE_STRIP = NO;
				DEBUG_INFORMATION_FORMAT = dwarf;
				ENABLE_STRICT_OBJC_MSGSEND = YES;
				ENABLE_TESTABILITY = YES;
				GCC_C_LANGUAGE_STANDARD = gnu11;
				GCC_DYNAMIC_NO_PIC = NO;
				GCC_NO_COMMON_BLOCKS = YES;
				GCC_OPTIMIZATION_LEVEL = 0;
				GCC_PREPROCESSOR_DEFINITIONS = (
					"DEBUG=1",
					"$(inherited)",
				);
				GCC_WARN_64_TO_32_BIT_CONVERSION = YES;
				GCC_WARN_ABOUT_RETURN_TYPE = YES_ERROR;
				GCC_WARN_UNDECLARED_SELECTOR = YES;
				GCC_WARN_UNINITIALIZED_AUTOS = YES_AGGRESSIVE;
				GCC_WARN_UNUSED_FUNCTION = YES;
				GCC_WARN_UNUSED_VARIABLE = YES;
				MACOSX_DEPLOYMENT_TARGET = 12.6;
				MTL_ENABLE_DEBUG_INFO = INCLUDE_SOURCE;
				MTL_FAST_MATH = YES;
				ONLY_ACTIVE_ARCH = YES;
				SDKROOT = macosx;
				SWIFT_ACTIVE_COMPILATION_CONDITIONS = DEBUG;
				SWIFT_OPTIMIZATION_LEVEL = "-Onone";
			};
			name = Debug;
		};
		1FFA88D128EFB20900787EE8 /* Release */ = {
			isa = XCBuildConfiguration;
			buildSettings = {
				ALWAYS_SEARCH_USER_PATHS = NO;
				CLANG_ANALYZER_NONNULL = YES;
				CLANG_ANALYZER_NUMBER_OBJECT_CONVERSION = YES_AGGRESSIVE;
				CLANG_CXX_LANGUAGE_STANDARD = "gnu++20";
				CLANG_ENABLE_MODULES = YES;
				CLANG_ENABLE_OBJC_ARC = YES;
				CLANG_ENABLE_OBJC_WEAK = YES;
				CLANG_WARN_BLOCK_CAPTURE_AUTORELEASING = YES;
				CLANG_WARN_BOOL_CONVERSION = YES;
				CLANG_WARN_COMMA = YES;
				CLANG_WARN_CONSTANT_CONVERSION = YES;
				CLANG_WARN_DEPRECATED_OBJC_IMPLEMENTATIONS = YES;
				CLANG_WARN_DIRECT_OBJC_ISA_USAGE = YES_ERROR;
				CLANG_WARN_DOCUMENTATION_COMMENTS = YES;
				CLANG_WARN_EMPTY_BODY = YES;
				CLANG_WARN_ENUM_CONVERSION = YES;
				CLANG_WARN_INFINITE_RECURSION = YES;
				CLANG_WARN_INT_CONVERSION = YES;
				CLANG_WARN_NON_LITERAL_NULL_CONVERSION = YES;
				CLANG_WARN_OBJC_IMPLICIT_RETAIN_SELF = YES;
				CLANG_WARN_OBJC_LITERAL_CONVERSION = YES;
				CLANG_WARN_OBJC_ROOT_CLASS = YES_ERROR;
				CLANG_WARN_QUOTED_INCLUDE_IN_FRAMEWORK_HEADER = YES;
				CLANG_WARN_RANGE_LOOP_ANALYSIS = YES;
				CLANG_WARN_STRICT_PROTOTYPES = YES;
				CLANG_WARN_SUSPICIOUS_MOVE = YES;
				CLANG_WARN_UNGUARDED_AVAILABILITY = YES_AGGRESSIVE;
				CLANG_WARN_UNREACHABLE_CODE = YES;
				CLANG_WARN__DUPLICATE_METHOD_MATCH = YES;
				COPY_PHASE_STRIP = NO;
				DEBUG_INFORMATION_FORMAT = "dwarf-with-dsym";
				ENABLE_NS_ASSERTIONS = NO;
				ENABLE_STRICT_OBJC_MSGSEND = YES;
				GCC_C_LANGUAGE_STANDARD = gnu11;
				GCC_NO_COMMON_BLOCKS = YES;
				GCC_WARN_64_TO_32_BIT_CONVERSION = YES;
				GCC_WARN_ABOUT_RETURN_TYPE = YES_ERROR;
				GCC_WARN_UNDECLARED_SELECTOR = YES;
				GCC_WARN_UNINITIALIZED_AUTOS = YES_AGGRESSIVE;
				GCC_WARN_UNUSED_FUNCTION = YES;
				GCC_WARN_UNUSED_VARIABLE = YES;
				MACOSX_DEPLOYMENT_TARGET = 12.6;
				MTL_ENABLE_DEBUG_INFO = NO;
				MTL_FAST_MATH = YES;
				SDKROOT = macosx;
				SWIFT_COMPILATION_MODE = wholemodule;
				SWIFT_OPTIMIZATION_LEVEL = "-O";
			};
			name = Release;
		};
		1FFA88D328EFB20900787EE8 /* Debug */ = {
			isa = XCBuildConfiguration;
			buildSettings = {
				ASSETCATALOG_COMPILER_APPICON_NAME = AppIcon;
				ASSETCATALOG_COMPILER_GLOBAL_ACCENT_COLOR_NAME = AccentColor;
				CODE_SIGN_ENTITLEMENTS = macOSsampleProject/macOSsampleProject.entitlements;
				CODE_SIGN_STYLE = Automatic;
				COMBINE_HIDPI_IMAGES = YES;
				CURRENT_PROJECT_VERSION = 1;
				DEVELOPMENT_TEAM = UVNN7Q8WUD;
				ENABLE_HARDENED_RUNTIME = YES;
				GENERATE_INFOPLIST_FILE = YES;
				INFOPLIST_KEY_NSHumanReadableCopyright = "";
				INFOPLIST_KEY_NSMainStoryboardFile = Main;
				INFOPLIST_KEY_NSPrincipalClass = NSApplication;
				LD_RUNPATH_SEARCH_PATHS = (
					"$(inherited)",
					"@executable_path/../Frameworks",
				);
				MARKETING_VERSION = 1.0;
				PRODUCT_BUNDLE_IDENTIFIER = com.arindavoodian.macOSsampleProject;
				PRODUCT_NAME = "$(TARGET_NAME)";
				SWIFT_EMIT_LOC_STRINGS = YES;
				SWIFT_VERSION = 5.0;
			};
			name = Debug;
		};
		1FFA88D428EFB20900787EE8 /* Release */ = {
			isa = XCBuildConfiguration;
			buildSettings = {
				ASSETCATALOG_COMPILER_APPICON_NAME = AppIcon;
				ASSETCATALOG_COMPILER_GLOBAL_ACCENT_COLOR_NAME = AccentColor;
				CODE_SIGN_ENTITLEMENTS = macOSsampleProject/macOSsampleProject.entitlements;
				CODE_SIGN_STYLE = Automatic;
				COMBINE_HIDPI_IMAGES = YES;
				CURRENT_PROJECT_VERSION = 1;
				DEVELOPMENT_TEAM = UVNN7Q8WUD;
				ENABLE_HARDENED_RUNTIME = YES;
				GENERATE_INFOPLIST_FILE = YES;
				INFOPLIST_KEY_NSHumanReadableCopyright = "";
				INFOPLIST_KEY_NSMainStoryboardFile = Main;
				INFOPLIST_KEY_NSPrincipalClass = NSApplication;
				LD_RUNPATH_SEARCH_PATHS = (
					"$(inherited)",
					"@executable_path/../Frameworks",
				);
				MARKETING_VERSION = 1.0;
				PRODUCT_BUNDLE_IDENTIFIER = com.arindavoodian.macOSsampleProject;
				PRODUCT_NAME = "$(TARGET_NAME)";
				SWIFT_EMIT_LOC_STRINGS = YES;
				SWIFT_VERSION = 5.0;
			};
			name = Release;
		};
		1FFA88D628EFB20900787EE8 /* Debug */ = {
			isa = XCBuildConfiguration;
			buildSettings = {
				ALWAYS_EMBED_SWIFT_STANDARD_LIBRARIES = YES;
				BUNDLE_LOADER = "$(TEST_HOST)";
				CODE_SIGN_STYLE = Automatic;
				CURRENT_PROJECT_VERSION = 1;
				DEVELOPMENT_TEAM = UVNN7Q8WUD;
				GENERATE_INFOPLIST_FILE = YES;
				MACOSX_DEPLOYMENT_TARGET = 12.6;
				MARKETING_VERSION = 1.0;
				PRODUCT_BUNDLE_IDENTIFIER = com.arindavoodian.macOSsampleProjectTests;
				PRODUCT_NAME = "$(TARGET_NAME)";
				SWIFT_EMIT_LOC_STRINGS = NO;
				SWIFT_VERSION = 5.0;
				TEST_HOST = "$(BUILT_PRODUCTS_DIR)/macOSsampleProject.app/$(BUNDLE_EXECUTABLE_FOLDER_PATH)/macOSsampleProject";
			};
			name = Debug;
		};
		1FFA88D728EFB20900787EE8 /* Release */ = {
			isa = XCBuildConfiguration;
			buildSettings = {
				ALWAYS_EMBED_SWIFT_STANDARD_LIBRARIES = YES;
				BUNDLE_LOADER = "$(TEST_HOST)";
				CODE_SIGN_STYLE = Automatic;
				CURRENT_PROJECT_VERSION = 1;
				DEVELOPMENT_TEAM = UVNN7Q8WUD;
				GENERATE_INFOPLIST_FILE = YES;
				MACOSX_DEPLOYMENT_TARGET = 12.6;
				MARKETING_VERSION = 1.0;
				PRODUCT_BUNDLE_IDENTIFIER = com.arindavoodian.macOSsampleProjectTests;
				PRODUCT_NAME = "$(TARGET_NAME)";
				SWIFT_EMIT_LOC_STRINGS = NO;
				SWIFT_VERSION = 5.0;
				TEST_HOST = "$(BUILT_PRODUCTS_DIR)/macOSsampleProject.app/$(BUNDLE_EXECUTABLE_FOLDER_PATH)/macOSsampleProject";
			};
			name = Release;
		};
		1FFA88D928EFB20900787EE8 /* Debug */ = {
			isa = XCBuildConfiguration;
			buildSettings = {
				ALWAYS_EMBED_SWIFT_STANDARD_LIBRARIES = YES;
				CODE_SIGN_STYLE = Automatic;
				CURRENT_PROJECT_VERSION = 1;
				DEVELOPMENT_TEAM = UVNN7Q8WUD;
				GENERATE_INFOPLIST_FILE = YES;
				MARKETING_VERSION = 1.0;
				PRODUCT_BUNDLE_IDENTIFIER = com.arindavoodian.macOSsampleProjectUITests;
				PRODUCT_NAME = "$(TARGET_NAME)";
				SWIFT_EMIT_LOC_STRINGS = NO;
				SWIFT_VERSION = 5.0;
				TEST_TARGET_NAME = macOSsampleProject;
			};
			name = Debug;
		};
		1FFA88DA28EFB20900787EE8 /* Release */ = {
			isa = XCBuildConfiguration;
			buildSettings = {
				ALWAYS_EMBED_SWIFT_STANDARD_LIBRARIES = YES;
				CODE_SIGN_STYLE = Automatic;
				CURRENT_PROJECT_VERSION = 1;
				DEVELOPMENT_TEAM = UVNN7Q8WUD;
				GENERATE_INFOPLIST_FILE = YES;
				MARKETING_VERSION = 1.0;
				PRODUCT_BUNDLE_IDENTIFIER = com.arindavoodian.macOSsampleProjectUITests;
				PRODUCT_NAME = "$(TARGET_NAME)";
				SWIFT_EMIT_LOC_STRINGS = NO;
				SWIFT_VERSION = 5.0;
				TEST_TARGET_NAME = macOSsampleProject;
			};
			name = Release;
		};
/* End XCBuildConfiguration section */

/* Begin XCConfigurationList section */
		1FFA88A828EFB20800787EE8 /* Build configuration list for PBXProject "macOSsampleProject" */ = {
			isa = XCConfigurationList;
			buildConfigurations = (
				1FFA88D028EFB20900787EE8 /* Debug */,
				1FFA88D128EFB20900787EE8 /* Release */,
			);
			defaultConfigurationIsVisible = 0;
			defaultConfigurationName = Release;
		};
		1FFA88D228EFB20900787EE8 /* Build configuration list for PBXNativeTarget "macOSsampleProject" */ = {
			isa = XCConfigurationList;
			buildConfigurations = (
				1FFA88D328EFB20900787EE8 /* Debug */,
				1FFA88D428EFB20900787EE8 /* Release */,
			);
			defaultConfigurationIsVisible = 0;
			defaultConfigurationName = Release;
		};
		1FFA88D528EFB20900787EE8 /* Build configuration list for PBXNativeTarget "macOSsampleProjectTests" */ = {
			isa = XCConfigurationList;
			buildConfigurations = (
				1FFA88D628EFB20900787EE8 /* Debug */,
				1FFA88D728EFB20900787EE8 /* Release */,
			);
			defaultConfigurationIsVisible = 0;
			defaultConfigurationName = Release;
		};
		1FFA88D828EFB20900787EE8 /* Build configuration list for PBXNativeTarget "macOSsampleProjectUITests" */ = {
			isa = XCConfigurationList;
			buildConfigurations = (
				1FFA88D928EFB20900787EE8 /* Debug */,
				1FFA88DA28EFB20900787EE8 /* Release */,
			);
			defaultConfigurationIsVisible = 0;
			defaultConfigurationName = Release;
		};
/* End XCConfigurationList section */
	};
	rootObject = 1FFA88A528EFB20800787EE8 /* Project object */;
}
